// !$*UTF8*$!
{
	archiveVersion = 1;
	classes = {
	};
	objectVersion = 56;
	objects = {

/* Begin PBXBuildFile section */
		9E0768192B203C9900640580 /* Day6Input.swift in Sources */ = {isa = PBXBuildFile; fileRef = 9E0768182B203C9900640580 /* Day6Input.swift */; };
		9E07681B2B203CBD00640580 /* Day6Part1.swift in Sources */ = {isa = PBXBuildFile; fileRef = 9E07681A2B203CBD00640580 /* Day6Part1.swift */; };
		9E07681D2B203FBA00640580 /* Day6Part2.swift in Sources */ = {isa = PBXBuildFile; fileRef = 9E07681C2B203FBA00640580 /* Day6Part2.swift */; };
		9E0768202B20434700640580 /* Day7Input.swift in Sources */ = {isa = PBXBuildFile; fileRef = 9E07681F2B20434700640580 /* Day7Input.swift */; };
		9E0768222B20437300640580 /* Day7Part1.swift in Sources */ = {isa = PBXBuildFile; fileRef = 9E0768212B20437300640580 /* Day7Part1.swift */; };
		9E0768242B20438C00640580 /* Day7Part2.swift in Sources */ = {isa = PBXBuildFile; fileRef = 9E0768232B20438C00640580 /* Day7Part2.swift */; };
		9E1089C12B25950500DF7EA9 /* Day10Input.swift in Sources */ = {isa = PBXBuildFile; fileRef = 9E1089C02B25950500DF7EA9 /* Day10Input.swift */; };
		9E1089C32B25950A00DF7EA9 /* Day10Part1.swift in Sources */ = {isa = PBXBuildFile; fileRef = 9E1089C22B25950A00DF7EA9 /* Day10Part1.swift */; };
		9E1089C52B25951100DF7EA9 /* Day10Part2.swift in Sources */ = {isa = PBXBuildFile; fileRef = 9E1089C42B25951100DF7EA9 /* Day10Part2.swift */; };
		9E2FE09F2B2D7D030085FF4B /* Day16Part1.swift in Sources */ = {isa = PBXBuildFile; fileRef = 9E2FE09E2B2D7D030085FF4B /* Day16Part1.swift */; };
		9E2FE0A12B2D7D090085FF4B /* Day16Part2.swift in Sources */ = {isa = PBXBuildFile; fileRef = 9E2FE0A02B2D7D090085FF4B /* Day16Part2.swift */; };
		9E2FE0B12B2D8FB30085FF4B /* Day16Input.swift in Sources */ = {isa = PBXBuildFile; fileRef = 9E2FE0B02B2D8FB30085FF4B /* Day16Input.swift */; };
		9E373EBF2B244A6800E0A5EB /* Day9Input.swift in Sources */ = {isa = PBXBuildFile; fileRef = 9E373EBE2B244A6800E0A5EB /* Day9Input.swift */; };
		9E373EC12B244A6D00E0A5EB /* Day9Part1.swift in Sources */ = {isa = PBXBuildFile; fileRef = 9E373EC02B244A6D00E0A5EB /* Day9Part1.swift */; };
		9E373EC32B244A7100E0A5EB /* Day9Part2.swift in Sources */ = {isa = PBXBuildFile; fileRef = 9E373EC22B244A7100E0A5EB /* Day9Part2.swift */; };
		9E429BC52B1C464500D6EEEB /* Day3Input.swift in Sources */ = {isa = PBXBuildFile; fileRef = 9E429BC42B1C464500D6EEEB /* Day3Input.swift */; };
		9E429BC72B1C466000D6EEEB /* Day3Part1.swift in Sources */ = {isa = PBXBuildFile; fileRef = 9E429BC62B1C466000D6EEEB /* Day3Part1.swift */; };
		9E429BC92B1C569000D6EEEB /* Day3Part2.swift in Sources */ = {isa = PBXBuildFile; fileRef = 9E429BC82B1C569000D6EEEB /* Day3Part2.swift */; };
		9E7F33C52B2B29A40000F11E /* Day14Input.swift in Sources */ = {isa = PBXBuildFile; fileRef = 9E7F33C42B2B29A40000F11E /* Day14Input.swift */; };
		9E7F33C72B2B29A80000F11E /* Day14Part1.swift in Sources */ = {isa = PBXBuildFile; fileRef = 9E7F33C62B2B29A80000F11E /* Day14Part1.swift */; };
		9E7F33C92B2B29AC0000F11E /* Day14Part2.swift in Sources */ = {isa = PBXBuildFile; fileRef = 9E7F33C82B2B29AC0000F11E /* Day14Part2.swift */; };
		9E8CC6C32B26D5C800A28058 /* Day11Input.swift in Sources */ = {isa = PBXBuildFile; fileRef = 9E8CC6C22B26D5C800A28058 /* Day11Input.swift */; };
		9E8CC6C52B26D5CB00A28058 /* Day11Part1.swift in Sources */ = {isa = PBXBuildFile; fileRef = 9E8CC6C42B26D5CB00A28058 /* Day11Part1.swift */; };
		9E8CC6C72B26D5D200A28058 /* Day11Part2.swift in Sources */ = {isa = PBXBuildFile; fileRef = 9E8CC6C62B26D5D200A28058 /* Day11Part2.swift */; };
		9E8CC6CA2B28324A00A28058 /* Day12Input.swift in Sources */ = {isa = PBXBuildFile; fileRef = 9E8CC6C92B28324A00A28058 /* Day12Input.swift */; };
		9E8CC6CC2B28325100A28058 /* Day12Part1.swift in Sources */ = {isa = PBXBuildFile; fileRef = 9E8CC6CB2B28325100A28058 /* Day12Part1.swift */; };
		9E8CC6CE2B28325400A28058 /* Day12Part2.swift in Sources */ = {isa = PBXBuildFile; fileRef = 9E8CC6CD2B28325400A28058 /* Day12Part2.swift */; };
		9E8CC6D12B29778B00A28058 /* Day13Input.swift in Sources */ = {isa = PBXBuildFile; fileRef = 9E8CC6D02B29778B00A28058 /* Day13Input.swift */; };
		9E8CC6D32B29779000A28058 /* Day13Part1.swift in Sources */ = {isa = PBXBuildFile; fileRef = 9E8CC6D22B29779000A28058 /* Day13Part1.swift */; };
		9E8CC6D52B29779600A28058 /* Day13Part2.swift in Sources */ = {isa = PBXBuildFile; fileRef = 9E8CC6D42B29779600A28058 /* Day13Part2.swift */; };
		9EA926142B1EECD800F56AF1 /* Day5Input.swift in Sources */ = {isa = PBXBuildFile; fileRef = 9EA926132B1EECD800F56AF1 /* Day5Input.swift */; };
		9EA926162B1EED1900F56AF1 /* Day5Part1.swift in Sources */ = {isa = PBXBuildFile; fileRef = 9EA926152B1EED1900F56AF1 /* Day5Part1.swift */; };
		9EA926182B1EF40000F56AF1 /* Day5Part2.swift in Sources */ = {isa = PBXBuildFile; fileRef = 9EA926172B1EF40000F56AF1 /* Day5Part2.swift */; };
		9EB4CD9B2B1B531000FB677F /* main.swift in Sources */ = {isa = PBXBuildFile; fileRef = 9EB4CD9A2B1B531000FB677F /* main.swift */; };
		9EB4CDA62B1B533900FB677F /* Day1Part1.swift in Sources */ = {isa = PBXBuildFile; fileRef = 9EB4CDA32B1B533800FB677F /* Day1Part1.swift */; };
		9EB4CDA72B1B533900FB677F /* Day1nput.swift in Sources */ = {isa = PBXBuildFile; fileRef = 9EB4CDA42B1B533800FB677F /* Day1nput.swift */; };
		9EB4CDA82B1B533900FB677F /* Day1Part2.swift in Sources */ = {isa = PBXBuildFile; fileRef = 9EB4CDA52B1B533800FB677F /* Day1Part2.swift */; };
		9EB4CDAB2B1B539000FB677F /* Day2Input.swift in Sources */ = {isa = PBXBuildFile; fileRef = 9EB4CDA92B1B539000FB677F /* Day2Input.swift */; };
		9EB4CDAC2B1B539000FB677F /* Day2Part1.swift in Sources */ = {isa = PBXBuildFile; fileRef = 9EB4CDAA2B1B539000FB677F /* Day2Part1.swift */; };
		9EB4CDAE2B1B626A00FB677F /* Day2Part2.swift in Sources */ = {isa = PBXBuildFile; fileRef = 9EB4CDAD2B1B626A00FB677F /* Day2Part2.swift */; };
		9EC6C3892B2C25F6000F462C /* Day15Input.swift in Sources */ = {isa = PBXBuildFile; fileRef = 9EC6C3882B2C25F6000F462C /* Day15Input.swift */; };
		9EC6C38B2B2C25FB000F462C /* Day15Part1.swift in Sources */ = {isa = PBXBuildFile; fileRef = 9EC6C38A2B2C25FB000F462C /* Day15Part1.swift */; };
		9EC6C38D2B2C2600000F462C /* Day15Part2.swift in Sources */ = {isa = PBXBuildFile; fileRef = 9EC6C38C2B2C2600000F462C /* Day15Part2.swift */; };
		9EC89D4F2B1D9B09000A3426 /* Day4Input.swift in Sources */ = {isa = PBXBuildFile; fileRef = 9EC89D4E2B1D9B09000A3426 /* Day4Input.swift */; };
		9EC89D512B1D9B3B000A3426 /* Day4Part1.swift in Sources */ = {isa = PBXBuildFile; fileRef = 9EC89D502B1D9B3B000A3426 /* Day4Part1.swift */; };
		9EC89D532B1DA2EE000A3426 /* Day4Part2.swift in Sources */ = {isa = PBXBuildFile; fileRef = 9EC89D522B1DA2EE000A3426 /* Day4Part2.swift */; };
		9ED76FA42B22DFE50031DF1E /* Day8Input.swift in Sources */ = {isa = PBXBuildFile; fileRef = 9ED76FA32B22DFE50031DF1E /* Day8Input.swift */; };
		9ED76FA62B22E0220031DF1E /* Day8Part1.swift in Sources */ = {isa = PBXBuildFile; fileRef = 9ED76FA52B22E0220031DF1E /* Day8Part1.swift */; };
		9ED76FA82B22EB500031DF1E /* Day8Part2.swift in Sources */ = {isa = PBXBuildFile; fileRef = 9ED76FA72B22EB500031DF1E /* Day8Part2.swift */; };
		9EF2E3122B2EDC3200390342 /* Day17Input.swift in Sources */ = {isa = PBXBuildFile; fileRef = 9EF2E3112B2EDC3200390342 /* Day17Input.swift */; };
		9EF2E3142B2EDC3700390342 /* Day17Part1.swift in Sources */ = {isa = PBXBuildFile; fileRef = 9EF2E3132B2EDC3700390342 /* Day17Part1.swift */; };
		9EF2E3162B2EDC3C00390342 /* Day17Part2.swift in Sources */ = {isa = PBXBuildFile; fileRef = 9EF2E3152B2EDC3C00390342 /* Day17Part2.swift */; };
		9EF2E3182B2EDE3200390342 /* PriorityQueue.swift in Sources */ = {isa = PBXBuildFile; fileRef = 9EF2E3172B2EDE3200390342 /* PriorityQueue.swift */; };
		9EF2E31B2B301C0A00390342 /* Day18Input.swift in Sources */ = {isa = PBXBuildFile; fileRef = 9EF2E31A2B301C0A00390342 /* Day18Input.swift */; };
		9EF2E31D2B301C1000390342 /* Day18Part1.swift in Sources */ = {isa = PBXBuildFile; fileRef = 9EF2E31C2B301C1000390342 /* Day18Part1.swift */; };
		9EF2E31F2B301C1600390342 /* Day18Part2.swift in Sources */ = {isa = PBXBuildFile; fileRef = 9EF2E31E2B301C1600390342 /* Day18Part2.swift */; };
/* End PBXBuildFile section */

/* Begin PBXCopyFilesBuildPhase section */
		9EB4CD952B1B531000FB677F /* CopyFiles */ = {
			isa = PBXCopyFilesBuildPhase;
			buildActionMask = 2147483647;
			dstPath = /usr/share/man/man1/;
			dstSubfolderSpec = 0;
			files = (
			);
			runOnlyForDeploymentPostprocessing = 1;
		};
/* End PBXCopyFilesBuildPhase section */

/* Begin PBXFileReference section */
		9E0768182B203C9900640580 /* Day6Input.swift */ = {isa = PBXFileReference; lastKnownFileType = sourcecode.swift; path = Day6Input.swift; sourceTree = "<group>"; };
		9E07681A2B203CBD00640580 /* Day6Part1.swift */ = {isa = PBXFileReference; lastKnownFileType = sourcecode.swift; path = Day6Part1.swift; sourceTree = "<group>"; };
		9E07681C2B203FBA00640580 /* Day6Part2.swift */ = {isa = PBXFileReference; lastKnownFileType = sourcecode.swift; path = Day6Part2.swift; sourceTree = "<group>"; };
		9E07681F2B20434700640580 /* Day7Input.swift */ = {isa = PBXFileReference; lastKnownFileType = sourcecode.swift; path = Day7Input.swift; sourceTree = "<group>"; };
		9E0768212B20437300640580 /* Day7Part1.swift */ = {isa = PBXFileReference; lastKnownFileType = sourcecode.swift; path = Day7Part1.swift; sourceTree = "<group>"; };
		9E0768232B20438C00640580 /* Day7Part2.swift */ = {isa = PBXFileReference; lastKnownFileType = sourcecode.swift; path = Day7Part2.swift; sourceTree = "<group>"; };
		9E1089C02B25950500DF7EA9 /* Day10Input.swift */ = {isa = PBXFileReference; lastKnownFileType = sourcecode.swift; path = Day10Input.swift; sourceTree = "<group>"; };
		9E1089C22B25950A00DF7EA9 /* Day10Part1.swift */ = {isa = PBXFileReference; lastKnownFileType = sourcecode.swift; path = Day10Part1.swift; sourceTree = "<group>"; };
		9E1089C42B25951100DF7EA9 /* Day10Part2.swift */ = {isa = PBXFileReference; lastKnownFileType = sourcecode.swift; path = Day10Part2.swift; sourceTree = "<group>"; };
		9E2FE09E2B2D7D030085FF4B /* Day16Part1.swift */ = {isa = PBXFileReference; lastKnownFileType = sourcecode.swift; path = Day16Part1.swift; sourceTree = "<group>"; };
		9E2FE0A02B2D7D090085FF4B /* Day16Part2.swift */ = {isa = PBXFileReference; lastKnownFileType = sourcecode.swift; path = Day16Part2.swift; sourceTree = "<group>"; };
		9E2FE0B02B2D8FB30085FF4B /* Day16Input.swift */ = {isa = PBXFileReference; lastKnownFileType = sourcecode.swift; path = Day16Input.swift; sourceTree = "<group>"; };
		9E373EBE2B244A6800E0A5EB /* Day9Input.swift */ = {isa = PBXFileReference; lastKnownFileType = sourcecode.swift; path = Day9Input.swift; sourceTree = "<group>"; };
		9E373EC02B244A6D00E0A5EB /* Day9Part1.swift */ = {isa = PBXFileReference; lastKnownFileType = sourcecode.swift; path = Day9Part1.swift; sourceTree = "<group>"; };
		9E373EC22B244A7100E0A5EB /* Day9Part2.swift */ = {isa = PBXFileReference; lastKnownFileType = sourcecode.swift; path = Day9Part2.swift; sourceTree = "<group>"; };
		9E429BC42B1C464500D6EEEB /* Day3Input.swift */ = {isa = PBXFileReference; lastKnownFileType = sourcecode.swift; path = Day3Input.swift; sourceTree = "<group>"; };
		9E429BC62B1C466000D6EEEB /* Day3Part1.swift */ = {isa = PBXFileReference; lastKnownFileType = sourcecode.swift; path = Day3Part1.swift; sourceTree = "<group>"; };
		9E429BC82B1C569000D6EEEB /* Day3Part2.swift */ = {isa = PBXFileReference; lastKnownFileType = sourcecode.swift; path = Day3Part2.swift; sourceTree = "<group>"; };
		9E7F33C42B2B29A40000F11E /* Day14Input.swift */ = {isa = PBXFileReference; lastKnownFileType = sourcecode.swift; path = Day14Input.swift; sourceTree = "<group>"; };
		9E7F33C62B2B29A80000F11E /* Day14Part1.swift */ = {isa = PBXFileReference; lastKnownFileType = sourcecode.swift; path = Day14Part1.swift; sourceTree = "<group>"; };
		9E7F33C82B2B29AC0000F11E /* Day14Part2.swift */ = {isa = PBXFileReference; lastKnownFileType = sourcecode.swift; path = Day14Part2.swift; sourceTree = "<group>"; };
		9E8CC6C22B26D5C800A28058 /* Day11Input.swift */ = {isa = PBXFileReference; lastKnownFileType = sourcecode.swift; path = Day11Input.swift; sourceTree = "<group>"; };
		9E8CC6C42B26D5CB00A28058 /* Day11Part1.swift */ = {isa = PBXFileReference; lastKnownFileType = sourcecode.swift; path = Day11Part1.swift; sourceTree = "<group>"; };
		9E8CC6C62B26D5D200A28058 /* Day11Part2.swift */ = {isa = PBXFileReference; lastKnownFileType = sourcecode.swift; path = Day11Part2.swift; sourceTree = "<group>"; };
		9E8CC6C92B28324A00A28058 /* Day12Input.swift */ = {isa = PBXFileReference; lastKnownFileType = sourcecode.swift; path = Day12Input.swift; sourceTree = "<group>"; };
		9E8CC6CB2B28325100A28058 /* Day12Part1.swift */ = {isa = PBXFileReference; lastKnownFileType = sourcecode.swift; path = Day12Part1.swift; sourceTree = "<group>"; };
		9E8CC6CD2B28325400A28058 /* Day12Part2.swift */ = {isa = PBXFileReference; lastKnownFileType = sourcecode.swift; path = Day12Part2.swift; sourceTree = "<group>"; };
		9E8CC6D02B29778B00A28058 /* Day13Input.swift */ = {isa = PBXFileReference; lastKnownFileType = sourcecode.swift; path = Day13Input.swift; sourceTree = "<group>"; };
		9E8CC6D22B29779000A28058 /* Day13Part1.swift */ = {isa = PBXFileReference; lastKnownFileType = sourcecode.swift; path = Day13Part1.swift; sourceTree = "<group>"; };
		9E8CC6D42B29779600A28058 /* Day13Part2.swift */ = {isa = PBXFileReference; lastKnownFileType = sourcecode.swift; path = Day13Part2.swift; sourceTree = "<group>"; };
		9EA926132B1EECD800F56AF1 /* Day5Input.swift */ = {isa = PBXFileReference; lastKnownFileType = sourcecode.swift; path = Day5Input.swift; sourceTree = "<group>"; };
		9EA926152B1EED1900F56AF1 /* Day5Part1.swift */ = {isa = PBXFileReference; lastKnownFileType = sourcecode.swift; path = Day5Part1.swift; sourceTree = "<group>"; };
		9EA926172B1EF40000F56AF1 /* Day5Part2.swift */ = {isa = PBXFileReference; lastKnownFileType = sourcecode.swift; path = Day5Part2.swift; sourceTree = "<group>"; };
		9EB4CD972B1B531000FB677F /* AdventOfCode */ = {isa = PBXFileReference; explicitFileType = "compiled.mach-o.executable"; includeInIndex = 0; path = AdventOfCode; sourceTree = BUILT_PRODUCTS_DIR; };
		9EB4CD9A2B1B531000FB677F /* main.swift */ = {isa = PBXFileReference; lastKnownFileType = sourcecode.swift; path = main.swift; sourceTree = "<group>"; };
		9EB4CDA32B1B533800FB677F /* Day1Part1.swift */ = {isa = PBXFileReference; fileEncoding = 4; lastKnownFileType = sourcecode.swift; path = Day1Part1.swift; sourceTree = "<group>"; };
		9EB4CDA42B1B533800FB677F /* Day1nput.swift */ = {isa = PBXFileReference; fileEncoding = 4; lastKnownFileType = sourcecode.swift; path = Day1nput.swift; sourceTree = "<group>"; };
		9EB4CDA52B1B533800FB677F /* Day1Part2.swift */ = {isa = PBXFileReference; fileEncoding = 4; lastKnownFileType = sourcecode.swift; path = Day1Part2.swift; sourceTree = "<group>"; };
		9EB4CDA92B1B539000FB677F /* Day2Input.swift */ = {isa = PBXFileReference; fileEncoding = 4; lastKnownFileType = sourcecode.swift; path = Day2Input.swift; sourceTree = "<group>"; };
		9EB4CDAA2B1B539000FB677F /* Day2Part1.swift */ = {isa = PBXFileReference; fileEncoding = 4; lastKnownFileType = sourcecode.swift; path = Day2Part1.swift; sourceTree = "<group>"; };
		9EB4CDAD2B1B626A00FB677F /* Day2Part2.swift */ = {isa = PBXFileReference; lastKnownFileType = sourcecode.swift; path = Day2Part2.swift; sourceTree = "<group>"; };
		9EC6C3882B2C25F6000F462C /* Day15Input.swift */ = {isa = PBXFileReference; lastKnownFileType = sourcecode.swift; path = Day15Input.swift; sourceTree = "<group>"; };
		9EC6C38A2B2C25FB000F462C /* Day15Part1.swift */ = {isa = PBXFileReference; lastKnownFileType = sourcecode.swift; path = Day15Part1.swift; sourceTree = "<group>"; };
		9EC6C38C2B2C2600000F462C /* Day15Part2.swift */ = {isa = PBXFileReference; lastKnownFileType = sourcecode.swift; path = Day15Part2.swift; sourceTree = "<group>"; };
		9EC89D4E2B1D9B09000A3426 /* Day4Input.swift */ = {isa = PBXFileReference; lastKnownFileType = sourcecode.swift; path = Day4Input.swift; sourceTree = "<group>"; };
		9EC89D502B1D9B3B000A3426 /* Day4Part1.swift */ = {isa = PBXFileReference; lastKnownFileType = sourcecode.swift; path = Day4Part1.swift; sourceTree = "<group>"; };
		9EC89D522B1DA2EE000A3426 /* Day4Part2.swift */ = {isa = PBXFileReference; lastKnownFileType = sourcecode.swift; path = Day4Part2.swift; sourceTree = "<group>"; };
		9ED76FA32B22DFE50031DF1E /* Day8Input.swift */ = {isa = PBXFileReference; lastKnownFileType = sourcecode.swift; path = Day8Input.swift; sourceTree = "<group>"; };
		9ED76FA52B22E0220031DF1E /* Day8Part1.swift */ = {isa = PBXFileReference; lastKnownFileType = sourcecode.swift; path = Day8Part1.swift; sourceTree = "<group>"; };
		9ED76FA72B22EB500031DF1E /* Day8Part2.swift */ = {isa = PBXFileReference; lastKnownFileType = sourcecode.swift; path = Day8Part2.swift; sourceTree = "<group>"; };
		9EF2E3112B2EDC3200390342 /* Day17Input.swift */ = {isa = PBXFileReference; lastKnownFileType = sourcecode.swift; path = Day17Input.swift; sourceTree = "<group>"; };
		9EF2E3132B2EDC3700390342 /* Day17Part1.swift */ = {isa = PBXFileReference; lastKnownFileType = sourcecode.swift; path = Day17Part1.swift; sourceTree = "<group>"; };
		9EF2E3152B2EDC3C00390342 /* Day17Part2.swift */ = {isa = PBXFileReference; lastKnownFileType = sourcecode.swift; path = Day17Part2.swift; sourceTree = "<group>"; };
		9EF2E3172B2EDE3200390342 /* PriorityQueue.swift */ = {isa = PBXFileReference; lastKnownFileType = sourcecode.swift; path = PriorityQueue.swift; sourceTree = "<group>"; };
		9EF2E31A2B301C0A00390342 /* Day18Input.swift */ = {isa = PBXFileReference; lastKnownFileType = sourcecode.swift; path = Day18Input.swift; sourceTree = "<group>"; };
		9EF2E31C2B301C1000390342 /* Day18Part1.swift */ = {isa = PBXFileReference; lastKnownFileType = sourcecode.swift; path = Day18Part1.swift; sourceTree = "<group>"; };
		9EF2E31E2B301C1600390342 /* Day18Part2.swift */ = {isa = PBXFileReference; lastKnownFileType = sourcecode.swift; path = Day18Part2.swift; sourceTree = "<group>"; };
/* End PBXFileReference section */

/* Begin PBXFrameworksBuildPhase section */
		9EB4CD942B1B531000FB677F /* Frameworks */ = {
			isa = PBXFrameworksBuildPhase;
			buildActionMask = 2147483647;
			files = (
			);
			runOnlyForDeploymentPostprocessing = 0;
		};
/* End PBXFrameworksBuildPhase section */

/* Begin PBXGroup section */
		9E0768172B203C8F00640580 /* Day 6 */ = {
			isa = PBXGroup;
			children = (
				9E0768182B203C9900640580 /* Day6Input.swift */,
				9E07681A2B203CBD00640580 /* Day6Part1.swift */,
				9E07681C2B203FBA00640580 /* Day6Part2.swift */,
			);
			path = "Day 6";
			sourceTree = "<group>";
		};
		9E07681E2B20433500640580 /* Day 7 */ = {
			isa = PBXGroup;
			children = (
				9E07681F2B20434700640580 /* Day7Input.swift */,
				9E0768212B20437300640580 /* Day7Part1.swift */,
				9E0768232B20438C00640580 /* Day7Part2.swift */,
			);
			path = "Day 7";
			sourceTree = "<group>";
		};
		9E1089BF2B2594F700DF7EA9 /* Day 10 */ = {
			isa = PBXGroup;
			children = (
				9E1089C02B25950500DF7EA9 /* Day10Input.swift */,
				9E1089C22B25950A00DF7EA9 /* Day10Part1.swift */,
				9E1089C42B25951100DF7EA9 /* Day10Part2.swift */,
			);
			path = "Day 10";
			sourceTree = "<group>";
		};
		9E2FE09B2B2D7CE40085FF4B /* Day 16 */ = {
			isa = PBXGroup;
			children = (
				9E2FE09E2B2D7D030085FF4B /* Day16Part1.swift */,
				9E2FE0A02B2D7D090085FF4B /* Day16Part2.swift */,
				9E2FE0B02B2D8FB30085FF4B /* Day16Input.swift */,
			);
			path = "Day 16";
			sourceTree = "<group>";
		};
		9E373EBD2B244A6000E0A5EB /* Day 9 */ = {
			isa = PBXGroup;
			children = (
				9E373EBE2B244A6800E0A5EB /* Day9Input.swift */,
				9E373EC02B244A6D00E0A5EB /* Day9Part1.swift */,
				9E373EC22B244A7100E0A5EB /* Day9Part2.swift */,
			);
			path = "Day 9";
			sourceTree = "<group>";
		};
		9E429BC32B1C463500D6EEEB /* Day 3 */ = {
			isa = PBXGroup;
			children = (
				9E429BC42B1C464500D6EEEB /* Day3Input.swift */,
				9E429BC62B1C466000D6EEEB /* Day3Part1.swift */,
				9E429BC82B1C569000D6EEEB /* Day3Part2.swift */,
			);
			path = "Day 3";
			sourceTree = "<group>";
		};
		9E7F33C32B2B29940000F11E /* Day 14 */ = {
			isa = PBXGroup;
			children = (
				9E7F33C42B2B29A40000F11E /* Day14Input.swift */,
				9E7F33C62B2B29A80000F11E /* Day14Part1.swift */,
				9E7F33C82B2B29AC0000F11E /* Day14Part2.swift */,
			);
			path = "Day 14";
			sourceTree = "<group>";
		};
		9E8CC6C12B26D5BE00A28058 /* Day 11 */ = {
			isa = PBXGroup;
			children = (
				9E8CC6C22B26D5C800A28058 /* Day11Input.swift */,
				9E8CC6C42B26D5CB00A28058 /* Day11Part1.swift */,
				9E8CC6C62B26D5D200A28058 /* Day11Part2.swift */,
			);
			path = "Day 11";
			sourceTree = "<group>";
		};
		9E8CC6C82B28323F00A28058 /* Day 12 */ = {
			isa = PBXGroup;
			children = (
				9E8CC6C92B28324A00A28058 /* Day12Input.swift */,
				9E8CC6CB2B28325100A28058 /* Day12Part1.swift */,
				9E8CC6CD2B28325400A28058 /* Day12Part2.swift */,
			);
			path = "Day 12";
			sourceTree = "<group>";
		};
		9E8CC6CF2B29777B00A28058 /* Day 13 */ = {
			isa = PBXGroup;
			children = (
				9E8CC6D02B29778B00A28058 /* Day13Input.swift */,
				9E8CC6D22B29779000A28058 /* Day13Part1.swift */,
				9E8CC6D42B29779600A28058 /* Day13Part2.swift */,
			);
			path = "Day 13";
			sourceTree = "<group>";
		};
		9EA926122B1EECCC00F56AF1 /* Day 5 */ = {
			isa = PBXGroup;
			children = (
				9EA926132B1EECD800F56AF1 /* Day5Input.swift */,
				9EA926152B1EED1900F56AF1 /* Day5Part1.swift */,
				9EA926172B1EF40000F56AF1 /* Day5Part2.swift */,
			);
			path = "Day 5";
			sourceTree = "<group>";
		};
		9EB4CD8E2B1B531000FB677F = {
			isa = PBXGroup;
			children = (
				9EB4CD992B1B531000FB677F /* AdventOfCode */,
				9EB4CD982B1B531000FB677F /* Products */,
			);
			sourceTree = "<group>";
		};
		9EB4CD982B1B531000FB677F /* Products */ = {
			isa = PBXGroup;
			children = (
				9EB4CD972B1B531000FB677F /* AdventOfCode */,
			);
			name = Products;
			sourceTree = "<group>";
		};
		9EB4CD992B1B531000FB677F /* AdventOfCode */ = {
			isa = PBXGroup;
			children = (
				9EB4CD9A2B1B531000FB677F /* main.swift */,
				9EB4CDA12B1B532100FB677F /* Day 1 */,
				9EB4CDA22B1B532500FB677F /* Day 2 */,
				9E429BC32B1C463500D6EEEB /* Day 3 */,
				9EC89D4D2B1D9AFB000A3426 /* Day 4 */,
				9EA926122B1EECCC00F56AF1 /* Day 5 */,
				9E0768172B203C8F00640580 /* Day 6 */,
				9E07681E2B20433500640580 /* Day 7 */,
				9ED76FA22B22DFD90031DF1E /* Day 8 */,
				9E373EBD2B244A6000E0A5EB /* Day 9 */,
				9E1089BF2B2594F700DF7EA9 /* Day 10 */,
				9E8CC6C12B26D5BE00A28058 /* Day 11 */,
				9E8CC6C82B28323F00A28058 /* Day 12 */,
				9E8CC6CF2B29777B00A28058 /* Day 13 */,
				9E7F33C32B2B29940000F11E /* Day 14 */,
				9EC6C3872B2C25D1000F462C /* Day 15 */,
				9E2FE09B2B2D7CE40085FF4B /* Day 16 */,
				9EF2E3102B2EDC2600390342 /* Day 17 */,
				9EF2E3192B301C0000390342 /* Day 18 */,
			);
			path = AdventOfCode;
			sourceTree = "<group>";
		};
		9EB4CDA12B1B532100FB677F /* Day 1 */ = {
			isa = PBXGroup;
			children = (
				9EB4CDA42B1B533800FB677F /* Day1nput.swift */,
				9EB4CDA32B1B533800FB677F /* Day1Part1.swift */,
				9EB4CDA52B1B533800FB677F /* Day1Part2.swift */,
			);
			path = "Day 1";
			sourceTree = "<group>";
		};
		9EB4CDA22B1B532500FB677F /* Day 2 */ = {
			isa = PBXGroup;
			children = (
				9EB4CDA92B1B539000FB677F /* Day2Input.swift */,
				9EB4CDAD2B1B626A00FB677F /* Day2Part2.swift */,
				9EB4CDAA2B1B539000FB677F /* Day2Part1.swift */,
			);
			path = "Day 2";
			sourceTree = "<group>";
		};
		9EC6C3872B2C25D1000F462C /* Day 15 */ = {
			isa = PBXGroup;
			children = (
				9EC6C3882B2C25F6000F462C /* Day15Input.swift */,
				9EC6C38A2B2C25FB000F462C /* Day15Part1.swift */,
				9EC6C38C2B2C2600000F462C /* Day15Part2.swift */,
			);
			path = "Day 15";
			sourceTree = "<group>";
		};
		9EC89D4D2B1D9AFB000A3426 /* Day 4 */ = {
			isa = PBXGroup;
			children = (
				9EC89D4E2B1D9B09000A3426 /* Day4Input.swift */,
				9EC89D502B1D9B3B000A3426 /* Day4Part1.swift */,
				9EC89D522B1DA2EE000A3426 /* Day4Part2.swift */,
			);
			path = "Day 4";
			sourceTree = "<group>";
		};
		9ED76FA22B22DFD90031DF1E /* Day 8 */ = {
			isa = PBXGroup;
			children = (
				9ED76FA32B22DFE50031DF1E /* Day8Input.swift */,
				9ED76FA52B22E0220031DF1E /* Day8Part1.swift */,
				9ED76FA72B22EB500031DF1E /* Day8Part2.swift */,
			);
			path = "Day 8";
			sourceTree = "<group>";
		};
		9EF2E3102B2EDC2600390342 /* Day 17 */ = {
			isa = PBXGroup;
			children = (
				9EF2E3112B2EDC3200390342 /* Day17Input.swift */,
				9EF2E3132B2EDC3700390342 /* Day17Part1.swift */,
				9EF2E3152B2EDC3C00390342 /* Day17Part2.swift */,
				9EF2E3172B2EDE3200390342 /* PriorityQueue.swift */,
			);
			path = "Day 17";
			sourceTree = "<group>";
		};
		9EF2E3192B301C0000390342 /* Day 18 */ = {
			isa = PBXGroup;
			children = (
				9EF2E31A2B301C0A00390342 /* Day18Input.swift */,
				9EF2E31C2B301C1000390342 /* Day18Part1.swift */,
				9EF2E31E2B301C1600390342 /* Day18Part2.swift */,
			);
			path = "Day 18";
			sourceTree = "<group>";
		};
/* End PBXGroup section */

/* Begin PBXNativeTarget section */
		9EB4CD962B1B531000FB677F /* AdventOfCode */ = {
			isa = PBXNativeTarget;
			buildConfigurationList = 9EB4CD9E2B1B531000FB677F /* Build configuration list for PBXNativeTarget "AdventOfCode" */;
			buildPhases = (
				9EB4CD932B1B531000FB677F /* Sources */,
				9EB4CD942B1B531000FB677F /* Frameworks */,
				9EB4CD952B1B531000FB677F /* CopyFiles */,
				9E2FE0A62B2D831B0085FF4B /* Resources */,
			);
			buildRules = (
			);
			dependencies = (
			);
			name = AdventOfCode;
			packageProductDependencies = (
			);
			productName = AdventOfCode;
			productReference = 9EB4CD972B1B531000FB677F /* AdventOfCode */;
			productType = "com.apple.product-type.tool";
		};
/* End PBXNativeTarget section */

/* Begin PBXProject section */
		9EB4CD8F2B1B531000FB677F /* Project object */ = {
			isa = PBXProject;
			attributes = {
				BuildIndependentTargetsInParallel = 1;
				LastSwiftUpdateCheck = 1500;
				LastUpgradeCheck = 1500;
				TargetAttributes = {
					9EB4CD962B1B531000FB677F = {
						CreatedOnToolsVersion = 15.0.1;
					};
				};
			};
			buildConfigurationList = 9EB4CD922B1B531000FB677F /* Build configuration list for PBXProject "AdventOfCode" */;
			compatibilityVersion = "Xcode 14.0";
			developmentRegion = en;
			hasScannedForEncodings = 0;
			knownRegions = (
				en,
				Base,
			);
			mainGroup = 9EB4CD8E2B1B531000FB677F;
			packageReferences = (
			);
			productRefGroup = 9EB4CD982B1B531000FB677F /* Products */;
			projectDirPath = "";
			projectRoot = "";
			targets = (
				9EB4CD962B1B531000FB677F /* AdventOfCode */,
			);
		};
/* End PBXProject section */

/* Begin PBXResourcesBuildPhase section */
		9E2FE0A62B2D831B0085FF4B /* Resources */ = {
			isa = PBXResourcesBuildPhase;
			buildActionMask = 2147483647;
			files = (
			);
			runOnlyForDeploymentPostprocessing = 0;
		};
/* End PBXResourcesBuildPhase section */

/* Begin PBXSourcesBuildPhase section */
		9EB4CD932B1B531000FB677F /* Sources */ = {
			isa = PBXSourcesBuildPhase;
			buildActionMask = 2147483647;
			files = (
				9EB4CDAB2B1B539000FB677F /* Day2Input.swift in Sources */,
				9E2FE0A12B2D7D090085FF4B /* Day16Part2.swift in Sources */,
				9EB4CDAE2B1B626A00FB677F /* Day2Part2.swift in Sources */,
				9EF2E31F2B301C1600390342 /* Day18Part2.swift in Sources */,
				9EB4CDAC2B1B539000FB677F /* Day2Part1.swift in Sources */,
				9EC6C3892B2C25F6000F462C /* Day15Input.swift in Sources */,
				9ED76FA82B22EB500031DF1E /* Day8Part2.swift in Sources */,
				9E0768202B20434700640580 /* Day7Input.swift in Sources */,
				9EF2E3122B2EDC3200390342 /* Day17Input.swift in Sources */,
				9E429BC52B1C464500D6EEEB /* Day3Input.swift in Sources */,
				9E7F33C52B2B29A40000F11E /* Day14Input.swift in Sources */,
				9E8CC6D52B29779600A28058 /* Day13Part2.swift in Sources */,
				9E1089C12B25950500DF7EA9 /* Day10Input.swift in Sources */,
				9EC89D512B1D9B3B000A3426 /* Day4Part1.swift in Sources */,
				9E0768192B203C9900640580 /* Day6Input.swift in Sources */,
				9EC6C38B2B2C25FB000F462C /* Day15Part1.swift in Sources */,
				9EA926142B1EECD800F56AF1 /* Day5Input.swift in Sources */,
				9ED76FA62B22E0220031DF1E /* Day8Part1.swift in Sources */,
				9E8CC6D32B29779000A28058 /* Day13Part1.swift in Sources */,
				9E0768242B20438C00640580 /* Day7Part2.swift in Sources */,
				9E07681D2B203FBA00640580 /* Day6Part2.swift in Sources */,
				9EF2E3142B2EDC3700390342 /* Day17Part1.swift in Sources */,
				9EA926182B1EF40000F56AF1 /* Day5Part2.swift in Sources */,
				9EF2E31D2B301C1000390342 /* Day18Part1.swift in Sources */,
				9EC89D532B1DA2EE000A3426 /* Day4Part2.swift in Sources */,
				9E8CC6C52B26D5CB00A28058 /* Day11Part1.swift in Sources */,
				9E7F33C92B2B29AC0000F11E /* Day14Part2.swift in Sources */,
				9E2FE0B12B2D8FB30085FF4B /* Day16Input.swift in Sources */,
				9E373EC12B244A6D00E0A5EB /* Day9Part1.swift in Sources */,
				9E2FE09F2B2D7D030085FF4B /* Day16Part1.swift in Sources */,
				9E1089C32B25950A00DF7EA9 /* Day10Part1.swift in Sources */,
				9EA926162B1EED1900F56AF1 /* Day5Part1.swift in Sources */,
				9EB4CDA72B1B533900FB677F /* Day1nput.swift in Sources */,
				9E0768222B20437300640580 /* Day7Part1.swift in Sources */,
				9E373EBF2B244A6800E0A5EB /* Day9Input.swift in Sources */,
				9E1089C52B25951100DF7EA9 /* Day10Part2.swift in Sources */,
				9EB4CDA62B1B533900FB677F /* Day1Part1.swift in Sources */,
				9E8CC6CC2B28325100A28058 /* Day12Part1.swift in Sources */,
				9E7F33C72B2B29A80000F11E /* Day14Part1.swift in Sources */,
				9EB4CD9B2B1B531000FB677F /* main.swift in Sources */,
				9EF2E31B2B301C0A00390342 /* Day18Input.swift in Sources */,
				9EF2E3182B2EDE3200390342 /* PriorityQueue.swift in Sources */,
				9E429BC72B1C466000D6EEEB /* Day3Part1.swift in Sources */,
				9E8CC6D12B29778B00A28058 /* Day13Input.swift in Sources */,
				9E8CC6CA2B28324A00A28058 /* Day12Input.swift in Sources */,
				9E8CC6CE2B28325400A28058 /* Day12Part2.swift in Sources */,
				9E429BC92B1C569000D6EEEB /* Day3Part2.swift in Sources */,
				9EC89D4F2B1D9B09000A3426 /* Day4Input.swift in Sources */,
				9E8CC6C72B26D5D200A28058 /* Day11Part2.swift in Sources */,
				9E8CC6C32B26D5C800A28058 /* Day11Input.swift in Sources */,
				9EF2E3162B2EDC3C00390342 /* Day17Part2.swift in Sources */,
				9E07681B2B203CBD00640580 /* Day6Part1.swift in Sources */,
				9EC6C38D2B2C2600000F462C /* Day15Part2.swift in Sources */,
				9ED76FA42B22DFE50031DF1E /* Day8Input.swift in Sources */,
				9E373EC32B244A7100E0A5EB /* Day9Part2.swift in Sources */,
				9EB4CDA82B1B533900FB677F /* Day1Part2.swift in Sources */,
			);
			runOnlyForDeploymentPostprocessing = 0;
		};
/* End PBXSourcesBuildPhase section */

/* Begin XCBuildConfiguration section */
		9EB4CD9C2B1B531000FB677F /* Debug */ = {
			isa = XCBuildConfiguration;
			buildSettings = {
				ALWAYS_SEARCH_USER_PATHS = NO;
				ASSETCATALOG_COMPILER_GENERATE_SWIFT_ASSET_SYMBOL_EXTENSIONS = YES;
				CLANG_ANALYZER_NONNULL = YES;
				CLANG_ANALYZER_NUMBER_OBJECT_CONVERSION = YES_AGGRESSIVE;
				CLANG_CXX_LANGUAGE_STANDARD = "gnu++20";
				CLANG_ENABLE_MODULES = YES;
				CLANG_ENABLE_OBJC_ARC = YES;
				CLANG_ENABLE_OBJC_WEAK = YES;
				CLANG_WARN_BLOCK_CAPTURE_AUTORELEASING = YES;
				CLANG_WARN_BOOL_CONVERSION = YES;
				CLANG_WARN_COMMA = YES;
				CLANG_WARN_CONSTANT_CONVERSION = YES;
				CLANG_WARN_DEPRECATED_OBJC_IMPLEMENTATIONS = YES;
				CLANG_WARN_DIRECT_OBJC_ISA_USAGE = YES_ERROR;
				CLANG_WARN_DOCUMENTATION_COMMENTS = YES;
				CLANG_WARN_EMPTY_BODY = YES;
				CLANG_WARN_ENUM_CONVERSION = YES;
				CLANG_WARN_INFINITE_RECURSION = YES;
				CLANG_WARN_INT_CONVERSION = YES;
				CLANG_WARN_NON_LITERAL_NULL_CONVERSION = YES;
				CLANG_WARN_OBJC_IMPLICIT_RETAIN_SELF = YES;
				CLANG_WARN_OBJC_LITERAL_CONVERSION = YES;
				CLANG_WARN_OBJC_ROOT_CLASS = YES_ERROR;
				CLANG_WARN_QUOTED_INCLUDE_IN_FRAMEWORK_HEADER = YES;
				CLANG_WARN_RANGE_LOOP_ANALYSIS = YES;
				CLANG_WARN_STRICT_PROTOTYPES = YES;
				CLANG_WARN_SUSPICIOUS_MOVE = YES;
				CLANG_WARN_UNGUARDED_AVAILABILITY = YES_AGGRESSIVE;
				CLANG_WARN_UNREACHABLE_CODE = YES;
				CLANG_WARN__DUPLICATE_METHOD_MATCH = YES;
				COPY_PHASE_STRIP = NO;
				DEBUG_INFORMATION_FORMAT = dwarf;
				ENABLE_STRICT_OBJC_MSGSEND = YES;
				ENABLE_TESTABILITY = YES;
				ENABLE_USER_SCRIPT_SANDBOXING = YES;
				GCC_C_LANGUAGE_STANDARD = gnu17;
				GCC_DYNAMIC_NO_PIC = NO;
				GCC_NO_COMMON_BLOCKS = YES;
				GCC_OPTIMIZATION_LEVEL = 0;
				GCC_PREPROCESSOR_DEFINITIONS = (
					"DEBUG=1",
					"$(inherited)",
				);
				GCC_WARN_64_TO_32_BIT_CONVERSION = YES;
				GCC_WARN_ABOUT_RETURN_TYPE = YES_ERROR;
				GCC_WARN_UNDECLARED_SELECTOR = YES;
				GCC_WARN_UNINITIALIZED_AUTOS = YES_AGGRESSIVE;
				GCC_WARN_UNUSED_FUNCTION = YES;
				GCC_WARN_UNUSED_VARIABLE = YES;
				LOCALIZATION_PREFERS_STRING_CATALOGS = YES;
				MACOSX_DEPLOYMENT_TARGET = 13.6;
				MTL_ENABLE_DEBUG_INFO = INCLUDE_SOURCE;
				MTL_FAST_MATH = YES;
				ONLY_ACTIVE_ARCH = YES;
				SDKROOT = macosx;
				SWIFT_ACTIVE_COMPILATION_CONDITIONS = "DEBUG $(inherited)";
				SWIFT_OPTIMIZATION_LEVEL = "-Onone";
			};
			name = Debug;
		};
		9EB4CD9D2B1B531000FB677F /* Release */ = {
			isa = XCBuildConfiguration;
			buildSettings = {
				ALWAYS_SEARCH_USER_PATHS = NO;
				ASSETCATALOG_COMPILER_GENERATE_SWIFT_ASSET_SYMBOL_EXTENSIONS = YES;
				CLANG_ANALYZER_NONNULL = YES;
				CLANG_ANALYZER_NUMBER_OBJECT_CONVERSION = YES_AGGRESSIVE;
				CLANG_CXX_LANGUAGE_STANDARD = "gnu++20";
				CLANG_ENABLE_MODULES = YES;
				CLANG_ENABLE_OBJC_ARC = YES;
				CLANG_ENABLE_OBJC_WEAK = YES;
				CLANG_WARN_BLOCK_CAPTURE_AUTORELEASING = YES;
				CLANG_WARN_BOOL_CONVERSION = YES;
				CLANG_WARN_COMMA = YES;
				CLANG_WARN_CONSTANT_CONVERSION = YES;
				CLANG_WARN_DEPRECATED_OBJC_IMPLEMENTATIONS = YES;
				CLANG_WARN_DIRECT_OBJC_ISA_USAGE = YES_ERROR;
				CLANG_WARN_DOCUMENTATION_COMMENTS = YES;
				CLANG_WARN_EMPTY_BODY = YES;
				CLANG_WARN_ENUM_CONVERSION = YES;
				CLANG_WARN_INFINITE_RECURSION = YES;
				CLANG_WARN_INT_CONVERSION = YES;
				CLANG_WARN_NON_LITERAL_NULL_CONVERSION = YES;
				CLANG_WARN_OBJC_IMPLICIT_RETAIN_SELF = YES;
				CLANG_WARN_OBJC_LITERAL_CONVERSION = YES;
				CLANG_WARN_OBJC_ROOT_CLASS = YES_ERROR;
				CLANG_WARN_QUOTED_INCLUDE_IN_FRAMEWORK_HEADER = YES;
				CLANG_WARN_RANGE_LOOP_ANALYSIS = YES;
				CLANG_WARN_STRICT_PROTOTYPES = YES;
				CLANG_WARN_SUSPICIOUS_MOVE = YES;
				CLANG_WARN_UNGUARDED_AVAILABILITY = YES_AGGRESSIVE;
				CLANG_WARN_UNREACHABLE_CODE = YES;
				CLANG_WARN__DUPLICATE_METHOD_MATCH = YES;
				COPY_PHASE_STRIP = NO;
				DEBUG_INFORMATION_FORMAT = "dwarf-with-dsym";
				ENABLE_NS_ASSERTIONS = NO;
				ENABLE_STRICT_OBJC_MSGSEND = YES;
				ENABLE_USER_SCRIPT_SANDBOXING = YES;
				GCC_C_LANGUAGE_STANDARD = gnu17;
				GCC_NO_COMMON_BLOCKS = YES;
				GCC_WARN_64_TO_32_BIT_CONVERSION = YES;
				GCC_WARN_ABOUT_RETURN_TYPE = YES_ERROR;
				GCC_WARN_UNDECLARED_SELECTOR = YES;
				GCC_WARN_UNINITIALIZED_AUTOS = YES_AGGRESSIVE;
				GCC_WARN_UNUSED_FUNCTION = YES;
				GCC_WARN_UNUSED_VARIABLE = YES;
				LOCALIZATION_PREFERS_STRING_CATALOGS = YES;
				MACOSX_DEPLOYMENT_TARGET = 13.6;
				MTL_ENABLE_DEBUG_INFO = NO;
				MTL_FAST_MATH = YES;
				SDKROOT = macosx;
				SWIFT_COMPILATION_MODE = wholemodule;
			};
			name = Release;
		};
		9EB4CD9F2B1B531000FB677F /* Debug */ = {
			isa = XCBuildConfiguration;
			buildSettings = {
				CODE_SIGN_STYLE = Automatic;
				DEVELOPMENT_TEAM = JH2UDL2P7J;
				ENABLE_HARDENED_RUNTIME = YES;
				PRODUCT_NAME = "$(TARGET_NAME)";
				SWIFT_VERSION = 5.0;
			};
			name = Debug;
		};
		9EB4CDA02B1B531000FB677F /* Release */ = {
			isa = XCBuildConfiguration;
			buildSettings = {
				CODE_SIGN_STYLE = Automatic;
				DEVELOPMENT_TEAM = JH2UDL2P7J;
				ENABLE_HARDENED_RUNTIME = YES;
				PRODUCT_NAME = "$(TARGET_NAME)";
				SWIFT_VERSION = 5.0;
			};
			name = Release;
		};
/* End XCBuildConfiguration section */

/* Begin XCConfigurationList section */
		9EB4CD922B1B531000FB677F /* Build configuration list for PBXProject "AdventOfCode" */ = {
			isa = XCConfigurationList;
			buildConfigurations = (
				9EB4CD9C2B1B531000FB677F /* Debug */,
				9EB4CD9D2B1B531000FB677F /* Release */,
			);
			defaultConfigurationIsVisible = 0;
			defaultConfigurationName = Release;
		};
		9EB4CD9E2B1B531000FB677F /* Build configuration list for PBXNativeTarget "AdventOfCode" */ = {
			isa = XCConfigurationList;
			buildConfigurations = (
				9EB4CD9F2B1B531000FB677F /* Debug */,
				9EB4CDA02B1B531000FB677F /* Release */,
			);
			defaultConfigurationIsVisible = 0;
			defaultConfigurationName = Release;
		};
/* End XCConfigurationList section */
	};
	rootObject = 9EB4CD8F2B1B531000FB677F /* Project object */;
}
